// !$*UTF8*$!
{
	archiveVersion = 1;
	classes = {
	};
	objectVersion = 55;
	objects = {

/* Begin PBXBuildFile section */
		4E3CB6182E98ABCC7163C786 /* Pods_TestXcodeCloud.framework in Frameworks */ = {isa = PBXBuildFile; fileRef = 68FC33D977A631A31A662A48 /* Pods_TestXcodeCloud.framework */; };
		848E9DE56E0D3E38461CA5E1 /* Pods_TestXcodeCloud_TestXcodeCloudUITests.framework in Frameworks */ = {isa = PBXBuildFile; fileRef = 2A9AFAF3B3D834665FA99646 /* Pods_TestXcodeCloud_TestXcodeCloudUITests.framework */; };
		8777074E29E2EE3A00A7CAA5 /* TestXcodeCloudApp.swift in Sources */ = {isa = PBXBuildFile; fileRef = 8777074D29E2EE3A00A7CAA5 /* TestXcodeCloudApp.swift */; };
		8777075029E2EE3A00A7CAA5 /* ContentView.swift in Sources */ = {isa = PBXBuildFile; fileRef = 8777074F29E2EE3A00A7CAA5 /* ContentView.swift */; };
		8777075229E2EE3C00A7CAA5 /* Assets.xcassets in Resources */ = {isa = PBXBuildFile; fileRef = 8777075129E2EE3C00A7CAA5 /* Assets.xcassets */; };
		8777075529E2EE3C00A7CAA5 /* Preview Assets.xcassets in Resources */ = {isa = PBXBuildFile; fileRef = 8777075429E2EE3C00A7CAA5 /* Preview Assets.xcassets */; };
		8777075F29E2EE3D00A7CAA5 /* TestXcodeCloudTests.swift in Sources */ = {isa = PBXBuildFile; fileRef = 8777075E29E2EE3D00A7CAA5 /* TestXcodeCloudTests.swift */; };
		8777076929E2EE3D00A7CAA5 /* TestXcodeCloudUITests.swift in Sources */ = {isa = PBXBuildFile; fileRef = 8777076829E2EE3D00A7CAA5 /* TestXcodeCloudUITests.swift */; };
		8777076B29E2EE3D00A7CAA5 /* TestXcodeCloudUITestsLaunchTests.swift in Sources */ = {isa = PBXBuildFile; fileRef = 8777076A29E2EE3D00A7CAA5 /* TestXcodeCloudUITestsLaunchTests.swift */; };
		87D8BE2929EC77B6002F747A /* Pods_TestXcodeCloud.framework in Frameworks */ = {isa = PBXBuildFile; fileRef = 87D8BE2829EC77B6002F747A /* Pods_TestXcodeCloud.framework */; };
		87D8BE2A29EC77B6002F747A /* Pods_TestXcodeCloud.framework in Embed Frameworks */ = {isa = PBXBuildFile; fileRef = 87D8BE2829EC77B6002F747A /* Pods_TestXcodeCloud.framework */; settings = {ATTRIBUTES = (CodeSignOnCopy, RemoveHeadersOnCopy, ); }; };
		88AF754B84B2917A80AC1AA0 /* Pods_TestXcodeCloudTests.framework in Frameworks */ = {isa = PBXBuildFile; fileRef = 56EFFD4DF37C3E4D2601C253 /* Pods_TestXcodeCloudTests.framework */; };
/* End PBXBuildFile section */

/* Begin PBXContainerItemProxy section */
		8777075B29E2EE3D00A7CAA5 /* PBXContainerItemProxy */ = {
			isa = PBXContainerItemProxy;
			containerPortal = 8777074229E2EE3A00A7CAA5 /* Project object */;
			proxyType = 1;
			remoteGlobalIDString = 8777074929E2EE3A00A7CAA5;
			remoteInfo = TestXcodeCloud;
		};
		8777076529E2EE3D00A7CAA5 /* PBXContainerItemProxy */ = {
			isa = PBXContainerItemProxy;
			containerPortal = 8777074229E2EE3A00A7CAA5 /* Project object */;
			proxyType = 1;
			remoteGlobalIDString = 8777074929E2EE3A00A7CAA5;
			remoteInfo = TestXcodeCloud;
		};
/* End PBXContainerItemProxy section */

/* Begin PBXCopyFilesBuildPhase section */
		87D8BE2B29EC77B6002F747A /* Embed Frameworks */ = {
			isa = PBXCopyFilesBuildPhase;
			buildActionMask = 2147483647;
			dstPath = "";
			dstSubfolderSpec = 10;
			files = (
				87D8BE2A29EC77B6002F747A /* Pods_TestXcodeCloud.framework in Embed Frameworks */,
			);
			name = "Embed Frameworks";
			runOnlyForDeploymentPostprocessing = 0;
		};
/* End PBXCopyFilesBuildPhase section */

/* Begin PBXFileReference section */
		1A3AAEE8726EEF6FA0C743F5 /* Pods-TestXcodeCloud.release.xcconfig */ = {isa = PBXFileReference; includeInIndex = 1; lastKnownFileType = text.xcconfig; name = "Pods-TestXcodeCloud.release.xcconfig"; path = "Target Support Files/Pods-TestXcodeCloud/Pods-TestXcodeCloud.release.xcconfig"; sourceTree = "<group>"; };
		2A9AFAF3B3D834665FA99646 /* Pods_TestXcodeCloud_TestXcodeCloudUITests.framework */ = {isa = PBXFileReference; explicitFileType = wrapper.framework; includeInIndex = 0; path = Pods_TestXcodeCloud_TestXcodeCloudUITests.framework; sourceTree = BUILT_PRODUCTS_DIR; };
		3048D65776A6F1951EB287E9 /* Pods-TestXcodeCloud-TestXcodeCloudUITests.release.xcconfig */ = {isa = PBXFileReference; includeInIndex = 1; lastKnownFileType = text.xcconfig; name = "Pods-TestXcodeCloud-TestXcodeCloudUITests.release.xcconfig"; path = "Target Support Files/Pods-TestXcodeCloud-TestXcodeCloudUITests/Pods-TestXcodeCloud-TestXcodeCloudUITests.release.xcconfig"; sourceTree = "<group>"; };
		440FB5105B75C855ACD00E0A /* Pods-TestXcodeCloudTests.debug.xcconfig */ = {isa = PBXFileReference; includeInIndex = 1; lastKnownFileType = text.xcconfig; name = "Pods-TestXcodeCloudTests.debug.xcconfig"; path = "Target Support Files/Pods-TestXcodeCloudTests/Pods-TestXcodeCloudTests.debug.xcconfig"; sourceTree = "<group>"; };
		56EFFD4DF37C3E4D2601C253 /* Pods_TestXcodeCloudTests.framework */ = {isa = PBXFileReference; explicitFileType = wrapper.framework; includeInIndex = 0; path = Pods_TestXcodeCloudTests.framework; sourceTree = BUILT_PRODUCTS_DIR; };
		68FC33D977A631A31A662A48 /* Pods_TestXcodeCloud.framework */ = {isa = PBXFileReference; explicitFileType = wrapper.framework; includeInIndex = 0; path = Pods_TestXcodeCloud.framework; sourceTree = BUILT_PRODUCTS_DIR; };
		8777074A29E2EE3A00A7CAA5 /* Customertimes XCodeCloud 1.app */ = {isa = PBXFileReference; explicitFileType = wrapper.application; includeInIndex = 0; path = "Customertimes XCodeCloud 1.app"; sourceTree = BUILT_PRODUCTS_DIR; };
		8777074D29E2EE3A00A7CAA5 /* TestXcodeCloudApp.swift */ = {isa = PBXFileReference; lastKnownFileType = sourcecode.swift; path = TestXcodeCloudApp.swift; sourceTree = "<group>"; };
		8777074F29E2EE3A00A7CAA5 /* ContentView.swift */ = {isa = PBXFileReference; lastKnownFileType = sourcecode.swift; path = ContentView.swift; sourceTree = "<group>"; };
		8777075129E2EE3C00A7CAA5 /* Assets.xcassets */ = {isa = PBXFileReference; lastKnownFileType = folder.assetcatalog; path = Assets.xcassets; sourceTree = "<group>"; };
		8777075429E2EE3C00A7CAA5 /* Preview Assets.xcassets */ = {isa = PBXFileReference; lastKnownFileType = folder.assetcatalog; path = "Preview Assets.xcassets"; sourceTree = "<group>"; };
		8777075A29E2EE3D00A7CAA5 /* TestXcodeCloudTests.xctest */ = {isa = PBXFileReference; explicitFileType = wrapper.cfbundle; includeInIndex = 0; path = TestXcodeCloudTests.xctest; sourceTree = BUILT_PRODUCTS_DIR; };
		8777075E29E2EE3D00A7CAA5 /* TestXcodeCloudTests.swift */ = {isa = PBXFileReference; lastKnownFileType = sourcecode.swift; path = TestXcodeCloudTests.swift; sourceTree = "<group>"; };
		8777076429E2EE3D00A7CAA5 /* TestXcodeCloudUITests.xctest */ = {isa = PBXFileReference; explicitFileType = wrapper.cfbundle; includeInIndex = 0; path = TestXcodeCloudUITests.xctest; sourceTree = BUILT_PRODUCTS_DIR; };
		8777076829E2EE3D00A7CAA5 /* TestXcodeCloudUITests.swift */ = {isa = PBXFileReference; lastKnownFileType = sourcecode.swift; path = TestXcodeCloudUITests.swift; sourceTree = "<group>"; };
		8777076A29E2EE3D00A7CAA5 /* TestXcodeCloudUITestsLaunchTests.swift */ = {isa = PBXFileReference; lastKnownFileType = sourcecode.swift; path = TestXcodeCloudUITestsLaunchTests.swift; sourceTree = "<group>"; };
		87D8BE2729EC7523002F747A /* ci_post_clone.sh */ = {isa = PBXFileReference; lastKnownFileType = text.script.sh; path = ci_post_clone.sh; sourceTree = "<group>"; };
		87D8BE2829EC77B6002F747A /* Pods_TestXcodeCloud.framework */ = {isa = PBXFileReference; explicitFileType = wrapper.framework; path = Pods_TestXcodeCloud.framework; sourceTree = BUILT_PRODUCTS_DIR; };
		D8405BD4BE9052A57FB2E7B3 /* Pods-TestXcodeCloudTests.release.xcconfig */ = {isa = PBXFileReference; includeInIndex = 1; lastKnownFileType = text.xcconfig; name = "Pods-TestXcodeCloudTests.release.xcconfig"; path = "Target Support Files/Pods-TestXcodeCloudTests/Pods-TestXcodeCloudTests.release.xcconfig"; sourceTree = "<group>"; };
		D930EA4305C8C1BA46DCC5A5 /* Pods-TestXcodeCloud.debug.xcconfig */ = {isa = PBXFileReference; includeInIndex = 1; lastKnownFileType = text.xcconfig; name = "Pods-TestXcodeCloud.debug.xcconfig"; path = "Target Support Files/Pods-TestXcodeCloud/Pods-TestXcodeCloud.debug.xcconfig"; sourceTree = "<group>"; };
		F2D0FF528FD929071DE83F76 /* Pods-TestXcodeCloud-TestXcodeCloudUITests.debug.xcconfig */ = {isa = PBXFileReference; includeInIndex = 1; lastKnownFileType = text.xcconfig; name = "Pods-TestXcodeCloud-TestXcodeCloudUITests.debug.xcconfig"; path = "Target Support Files/Pods-TestXcodeCloud-TestXcodeCloudUITests/Pods-TestXcodeCloud-TestXcodeCloudUITests.debug.xcconfig"; sourceTree = "<group>"; };
/* End PBXFileReference section */

/* Begin PBXFrameworksBuildPhase section */
		8777074729E2EE3A00A7CAA5 /* Frameworks */ = {
			isa = PBXFrameworksBuildPhase;
			buildActionMask = 2147483647;
			files = (
				87D8BE2929EC77B6002F747A /* Pods_TestXcodeCloud.framework in Frameworks */,
				4E3CB6182E98ABCC7163C786 /* Pods_TestXcodeCloud.framework in Frameworks */,
			);
			runOnlyForDeploymentPostprocessing = 0;
		};
		8777075729E2EE3D00A7CAA5 /* Frameworks */ = {
			isa = PBXFrameworksBuildPhase;
			buildActionMask = 2147483647;
			files = (
				88AF754B84B2917A80AC1AA0 /* Pods_TestXcodeCloudTests.framework in Frameworks */,
			);
			runOnlyForDeploymentPostprocessing = 0;
		};
		8777076129E2EE3D00A7CAA5 /* Frameworks */ = {
			isa = PBXFrameworksBuildPhase;
			buildActionMask = 2147483647;
			files = (
				848E9DE56E0D3E38461CA5E1 /* Pods_TestXcodeCloud_TestXcodeCloudUITests.framework in Frameworks */,
			);
			runOnlyForDeploymentPostprocessing = 0;
		};
/* End PBXFrameworksBuildPhase section */

/* Begin PBXGroup section */
		85652751A1AA852CA93A79B8 /* Frameworks */ = {
			isa = PBXGroup;
			children = (
				87D8BE2829EC77B6002F747A /* Pods_TestXcodeCloud.framework */,
				68FC33D977A631A31A662A48 /* Pods_TestXcodeCloud.framework */,
				2A9AFAF3B3D834665FA99646 /* Pods_TestXcodeCloud_TestXcodeCloudUITests.framework */,
				56EFFD4DF37C3E4D2601C253 /* Pods_TestXcodeCloudTests.framework */,
			);
			name = Frameworks;
			sourceTree = "<group>";
		};
		8777074129E2EE3A00A7CAA5 = {
			isa = PBXGroup;
			children = (
				87D8BE2629EC74FF002F747A /* ci_scripts */,
				8777074C29E2EE3A00A7CAA5 /* TestXcodeCloud */,
				8777075D29E2EE3D00A7CAA5 /* TestXcodeCloudTests */,
				8777076729E2EE3D00A7CAA5 /* TestXcodeCloudUITests */,
				8777074B29E2EE3A00A7CAA5 /* Products */,
				98DD272D869AA73437E52C5E /* Pods */,
				85652751A1AA852CA93A79B8 /* Frameworks */,
			);
			sourceTree = "<group>";
		};
		8777074B29E2EE3A00A7CAA5 /* Products */ = {
			isa = PBXGroup;
			children = (
				8777074A29E2EE3A00A7CAA5 /* Customertimes XCodeCloud 1.app */,
				8777075A29E2EE3D00A7CAA5 /* TestXcodeCloudTests.xctest */,
				8777076429E2EE3D00A7CAA5 /* TestXcodeCloudUITests.xctest */,
			);
			name = Products;
			sourceTree = "<group>";
		};
		8777074C29E2EE3A00A7CAA5 /* TestXcodeCloud */ = {
			isa = PBXGroup;
			children = (
				8777074D29E2EE3A00A7CAA5 /* TestXcodeCloudApp.swift */,
				8777074F29E2EE3A00A7CAA5 /* ContentView.swift */,
				8777075129E2EE3C00A7CAA5 /* Assets.xcassets */,
				8777075329E2EE3C00A7CAA5 /* Preview Content */,
			);
			path = TestXcodeCloud;
			sourceTree = "<group>";
		};
		8777075329E2EE3C00A7CAA5 /* Preview Content */ = {
			isa = PBXGroup;
			children = (
				8777075429E2EE3C00A7CAA5 /* Preview Assets.xcassets */,
			);
			path = "Preview Content";
			sourceTree = "<group>";
		};
		8777075D29E2EE3D00A7CAA5 /* TestXcodeCloudTests */ = {
			isa = PBXGroup;
			children = (
				8777075E29E2EE3D00A7CAA5 /* TestXcodeCloudTests.swift */,
			);
			path = TestXcodeCloudTests;
			sourceTree = "<group>";
		};
		8777076729E2EE3D00A7CAA5 /* TestXcodeCloudUITests */ = {
			isa = PBXGroup;
			children = (
				8777076829E2EE3D00A7CAA5 /* TestXcodeCloudUITests.swift */,
				8777076A29E2EE3D00A7CAA5 /* TestXcodeCloudUITestsLaunchTests.swift */,
			);
			path = TestXcodeCloudUITests;
			sourceTree = "<group>";
		};
		87D8BE2629EC74FF002F747A /* ci_scripts */ = {
			isa = PBXGroup;
			children = (
				87D8BE2729EC7523002F747A /* ci_post_clone.sh */,
			);
			path = ci_scripts;
			sourceTree = "<group>";
		};
		98DD272D869AA73437E52C5E /* Pods */ = {
			isa = PBXGroup;
			children = (
				D930EA4305C8C1BA46DCC5A5 /* Pods-TestXcodeCloud.debug.xcconfig */,
				1A3AAEE8726EEF6FA0C743F5 /* Pods-TestXcodeCloud.release.xcconfig */,
				F2D0FF528FD929071DE83F76 /* Pods-TestXcodeCloud-TestXcodeCloudUITests.debug.xcconfig */,
				3048D65776A6F1951EB287E9 /* Pods-TestXcodeCloud-TestXcodeCloudUITests.release.xcconfig */,
				440FB5105B75C855ACD00E0A /* Pods-TestXcodeCloudTests.debug.xcconfig */,
				D8405BD4BE9052A57FB2E7B3 /* Pods-TestXcodeCloudTests.release.xcconfig */,
			);
			path = Pods;
			sourceTree = "<group>";
		};
/* End PBXGroup section */

/* Begin PBXNativeTarget section */
		8777074929E2EE3A00A7CAA5 /* TestXcodeCloud */ = {
			isa = PBXNativeTarget;
			buildConfigurationList = 8777076E29E2EE3D00A7CAA5 /* Build configuration list for PBXNativeTarget "TestXcodeCloud" */;
			buildPhases = (
				8F5DD353ECD2CF641F5FDEFD /* [CP] Check Pods Manifest.lock */,
				8777074629E2EE3A00A7CAA5 /* Sources */,
				8777074729E2EE3A00A7CAA5 /* Frameworks */,
				8777074829E2EE3A00A7CAA5 /* Resources */,
				87D8BE2B29EC77B6002F747A /* Embed Frameworks */,
				E1C3B51EF90414BDFF312101 /* [CP] Embed Pods Frameworks */,
			);
			buildRules = (
			);
			dependencies = (
			);
			name = TestXcodeCloud;
			productName = TestXcodeCloud;
			productReference = 8777074A29E2EE3A00A7CAA5 /* Customertimes XCodeCloud 1.app */;
			productType = "com.apple.product-type.application";
		};
		8777075929E2EE3D00A7CAA5 /* TestXcodeCloudTests */ = {
			isa = PBXNativeTarget;
			buildConfigurationList = 8777077129E2EE3D00A7CAA5 /* Build configuration list for PBXNativeTarget "TestXcodeCloudTests" */;
			buildPhases = (
				9522294045D1B2A7F82ADAD4 /* [CP] Check Pods Manifest.lock */,
				8777075629E2EE3D00A7CAA5 /* Sources */,
				8777075729E2EE3D00A7CAA5 /* Frameworks */,
				8777075829E2EE3D00A7CAA5 /* Resources */,
			);
			buildRules = (
			);
			dependencies = (
				8777075C29E2EE3D00A7CAA5 /* PBXTargetDependency */,
			);
			name = TestXcodeCloudTests;
			productName = TestXcodeCloudTests;
			productReference = 8777075A29E2EE3D00A7CAA5 /* TestXcodeCloudTests.xctest */;
			productType = "com.apple.product-type.bundle.unit-test";
		};
		8777076329E2EE3D00A7CAA5 /* TestXcodeCloudUITests */ = {
			isa = PBXNativeTarget;
			buildConfigurationList = 8777077429E2EE3D00A7CAA5 /* Build configuration list for PBXNativeTarget "TestXcodeCloudUITests" */;
			buildPhases = (
				DD8F13A8C94D9DD9654E7735 /* [CP] Check Pods Manifest.lock */,
				8777076029E2EE3D00A7CAA5 /* Sources */,
				8777076129E2EE3D00A7CAA5 /* Frameworks */,
				8777076229E2EE3D00A7CAA5 /* Resources */,
				66C63E28E29BB841830C5DFC /* [CP] Embed Pods Frameworks */,
			);
			buildRules = (
			);
			dependencies = (
				8777076629E2EE3D00A7CAA5 /* PBXTargetDependency */,
			);
			name = TestXcodeCloudUITests;
			productName = TestXcodeCloudUITests;
			productReference = 8777076429E2EE3D00A7CAA5 /* TestXcodeCloudUITests.xctest */;
			productType = "com.apple.product-type.bundle.ui-testing";
		};
/* End PBXNativeTarget section */

/* Begin PBXProject section */
		8777074229E2EE3A00A7CAA5 /* Project object */ = {
			isa = PBXProject;
			attributes = {
				BuildIndependentTargetsInParallel = 1;
				LastSwiftUpdateCheck = 1420;
				LastUpgradeCheck = 1420;
				TargetAttributes = {
					8777074929E2EE3A00A7CAA5 = {
						CreatedOnToolsVersion = 14.2;
					};
					8777075929E2EE3D00A7CAA5 = {
						CreatedOnToolsVersion = 14.2;
						TestTargetID = 8777074929E2EE3A00A7CAA5;
					};
					8777076329E2EE3D00A7CAA5 = {
						CreatedOnToolsVersion = 14.2;
						TestTargetID = 8777074929E2EE3A00A7CAA5;
					};
				};
			};
			buildConfigurationList = 8777074529E2EE3A00A7CAA5 /* Build configuration list for PBXProject "TestXcodeCloud" */;
			compatibilityVersion = "Xcode 13.0";
			developmentRegion = en;
			hasScannedForEncodings = 0;
			knownRegions = (
				en,
				Base,
			);
			mainGroup = 8777074129E2EE3A00A7CAA5;
			productRefGroup = 8777074B29E2EE3A00A7CAA5 /* Products */;
			projectDirPath = "";
			projectRoot = "";
			targets = (
				8777074929E2EE3A00A7CAA5 /* TestXcodeCloud */,
				8777075929E2EE3D00A7CAA5 /* TestXcodeCloudTests */,
				8777076329E2EE3D00A7CAA5 /* TestXcodeCloudUITests */,
			);
		};
/* End PBXProject section */

/* Begin PBXResourcesBuildPhase section */
		8777074829E2EE3A00A7CAA5 /* Resources */ = {
			isa = PBXResourcesBuildPhase;
			buildActionMask = 2147483647;
			files = (
				8777075529E2EE3C00A7CAA5 /* Preview Assets.xcassets in Resources */,
				8777075229E2EE3C00A7CAA5 /* Assets.xcassets in Resources */,
			);
			runOnlyForDeploymentPostprocessing = 0;
		};
		8777075829E2EE3D00A7CAA5 /* Resources */ = {
			isa = PBXResourcesBuildPhase;
			buildActionMask = 2147483647;
			files = (
			);
			runOnlyForDeploymentPostprocessing = 0;
		};
		8777076229E2EE3D00A7CAA5 /* Resources */ = {
			isa = PBXResourcesBuildPhase;
			buildActionMask = 2147483647;
			files = (
			);
			runOnlyForDeploymentPostprocessing = 0;
		};
/* End PBXResourcesBuildPhase section */

/* Begin PBXShellScriptBuildPhase section */
		66C63E28E29BB841830C5DFC /* [CP] Embed Pods Frameworks */ = {
			isa = PBXShellScriptBuildPhase;
			buildActionMask = 2147483647;
			files = (
			);
			inputFileListPaths = (
				"${PODS_ROOT}/Target Support Files/Pods-TestXcodeCloud-TestXcodeCloudUITests/Pods-TestXcodeCloud-TestXcodeCloudUITests-frameworks-${CONFIGURATION}-input-files.xcfilelist",
			);
			name = "[CP] Embed Pods Frameworks";
			outputFileListPaths = (
				"${PODS_ROOT}/Target Support Files/Pods-TestXcodeCloud-TestXcodeCloudUITests/Pods-TestXcodeCloud-TestXcodeCloudUITests-frameworks-${CONFIGURATION}-output-files.xcfilelist",
			);
			runOnlyForDeploymentPostprocessing = 0;
			shellPath = /bin/sh;
			shellScript = "\"${PODS_ROOT}/Target Support Files/Pods-TestXcodeCloud-TestXcodeCloudUITests/Pods-TestXcodeCloud-TestXcodeCloudUITests-frameworks.sh\"\n";
			showEnvVarsInLog = 0;
		};
		8F5DD353ECD2CF641F5FDEFD /* [CP] Check Pods Manifest.lock */ = {
			isa = PBXShellScriptBuildPhase;
			buildActionMask = 2147483647;
			files = (
			);
			inputFileListPaths = (
			);
			inputPaths = (
				"${PODS_PODFILE_DIR_PATH}/Podfile.lock",
				"${PODS_ROOT}/Manifest.lock",
			);
			name = "[CP] Check Pods Manifest.lock";
			outputFileListPaths = (
			);
			outputPaths = (
				"$(DERIVED_FILE_DIR)/Pods-TestXcodeCloud-checkManifestLockResult.txt",
			);
			runOnlyForDeploymentPostprocessing = 0;
			shellPath = /bin/sh;
			shellScript = "diff \"${PODS_PODFILE_DIR_PATH}/Podfile.lock\" \"${PODS_ROOT}/Manifest.lock\" > /dev/null\nif [ $? != 0 ] ; then\n    # print error to STDERR\n    echo \"error: The sandbox is not in sync with the Podfile.lock. Run 'pod install' or update your CocoaPods installation.\" >&2\n    exit 1\nfi\n# This output is used by Xcode 'outputs' to avoid re-running this script phase.\necho \"SUCCESS\" > \"${SCRIPT_OUTPUT_FILE_0}\"\n";
			showEnvVarsInLog = 0;
		};
		9522294045D1B2A7F82ADAD4 /* [CP] Check Pods Manifest.lock */ = {
			isa = PBXShellScriptBuildPhase;
			buildActionMask = 2147483647;
			files = (
			);
			inputFileListPaths = (
			);
			inputPaths = (
				"${PODS_PODFILE_DIR_PATH}/Podfile.lock",
				"${PODS_ROOT}/Manifest.lock",
			);
			name = "[CP] Check Pods Manifest.lock";
			outputFileListPaths = (
			);
			outputPaths = (
				"$(DERIVED_FILE_DIR)/Pods-TestXcodeCloudTests-checkManifestLockResult.txt",
			);
			runOnlyForDeploymentPostprocessing = 0;
			shellPath = /bin/sh;
			shellScript = "diff \"${PODS_PODFILE_DIR_PATH}/Podfile.lock\" \"${PODS_ROOT}/Manifest.lock\" > /dev/null\nif [ $? != 0 ] ; then\n    # print error to STDERR\n    echo \"error: The sandbox is not in sync with the Podfile.lock. Run 'pod install' or update your CocoaPods installation.\" >&2\n    exit 1\nfi\n# This output is used by Xcode 'outputs' to avoid re-running this script phase.\necho \"SUCCESS\" > \"${SCRIPT_OUTPUT_FILE_0}\"\n";
			showEnvVarsInLog = 0;
		};
		DD8F13A8C94D9DD9654E7735 /* [CP] Check Pods Manifest.lock */ = {
			isa = PBXShellScriptBuildPhase;
			buildActionMask = 2147483647;
			files = (
			);
			inputFileListPaths = (
			);
			inputPaths = (
				"${PODS_PODFILE_DIR_PATH}/Podfile.lock",
				"${PODS_ROOT}/Manifest.lock",
			);
			name = "[CP] Check Pods Manifest.lock";
			outputFileListPaths = (
			);
			outputPaths = (
				"$(DERIVED_FILE_DIR)/Pods-TestXcodeCloud-TestXcodeCloudUITests-checkManifestLockResult.txt",
			);
			runOnlyForDeploymentPostprocessing = 0;
			shellPath = /bin/sh;
			shellScript = "diff \"${PODS_PODFILE_DIR_PATH}/Podfile.lock\" \"${PODS_ROOT}/Manifest.lock\" > /dev/null\nif [ $? != 0 ] ; then\n    # print error to STDERR\n    echo \"error: The sandbox is not in sync with the Podfile.lock. Run 'pod install' or update your CocoaPods installation.\" >&2\n    exit 1\nfi\n# This output is used by Xcode 'outputs' to avoid re-running this script phase.\necho \"SUCCESS\" > \"${SCRIPT_OUTPUT_FILE_0}\"\n";
			showEnvVarsInLog = 0;
		};
		E1C3B51EF90414BDFF312101 /* [CP] Embed Pods Frameworks */ = {
			isa = PBXShellScriptBuildPhase;
			buildActionMask = 2147483647;
			files = (
			);
			inputFileListPaths = (
				"${PODS_ROOT}/Target Support Files/Pods-TestXcodeCloud/Pods-TestXcodeCloud-frameworks-${CONFIGURATION}-input-files.xcfilelist",
			);
			name = "[CP] Embed Pods Frameworks";
			outputFileListPaths = (
				"${PODS_ROOT}/Target Support Files/Pods-TestXcodeCloud/Pods-TestXcodeCloud-frameworks-${CONFIGURATION}-output-files.xcfilelist",
			);
			runOnlyForDeploymentPostprocessing = 0;
			shellPath = /bin/sh;
			shellScript = "\"${PODS_ROOT}/Target Support Files/Pods-TestXcodeCloud/Pods-TestXcodeCloud-frameworks.sh\"\n";
			showEnvVarsInLog = 0;
		};
/* End PBXShellScriptBuildPhase section */

/* Begin PBXSourcesBuildPhase section */
		8777074629E2EE3A00A7CAA5 /* Sources */ = {
			isa = PBXSourcesBuildPhase;
			buildActionMask = 2147483647;
			files = (
				8777075029E2EE3A00A7CAA5 /* ContentView.swift in Sources */,
				8777074E29E2EE3A00A7CAA5 /* TestXcodeCloudApp.swift in Sources */,
			);
			runOnlyForDeploymentPostprocessing = 0;
		};
		8777075629E2EE3D00A7CAA5 /* Sources */ = {
			isa = PBXSourcesBuildPhase;
			buildActionMask = 2147483647;
			files = (
				8777075F29E2EE3D00A7CAA5 /* TestXcodeCloudTests.swift in Sources */,
			);
			runOnlyForDeploymentPostprocessing = 0;
		};
		8777076029E2EE3D00A7CAA5 /* Sources */ = {
			isa = PBXSourcesBuildPhase;
			buildActionMask = 2147483647;
			files = (
				8777076B29E2EE3D00A7CAA5 /* TestXcodeCloudUITestsLaunchTests.swift in Sources */,
				8777076929E2EE3D00A7CAA5 /* TestXcodeCloudUITests.swift in Sources */,
			);
			runOnlyForDeploymentPostprocessing = 0;
		};
/* End PBXSourcesBuildPhase section */

/* Begin PBXTargetDependency section */
		8777075C29E2EE3D00A7CAA5 /* PBXTargetDependency */ = {
			isa = PBXTargetDependency;
			target = 8777074929E2EE3A00A7CAA5 /* TestXcodeCloud */;
			targetProxy = 8777075B29E2EE3D00A7CAA5 /* PBXContainerItemProxy */;
		};
		8777076629E2EE3D00A7CAA5 /* PBXTargetDependency */ = {
			isa = PBXTargetDependency;
			target = 8777074929E2EE3A00A7CAA5 /* TestXcodeCloud */;
			targetProxy = 8777076529E2EE3D00A7CAA5 /* PBXContainerItemProxy */;
		};
/* End PBXTargetDependency section */

/* Begin XCBuildConfiguration section */
		8777076C29E2EE3D00A7CAA5 /* Debug */ = {
			isa = XCBuildConfiguration;
			buildSettings = {
				ALWAYS_SEARCH_USER_PATHS = NO;
				CLANG_ANALYZER_NONNULL = YES;
				CLANG_ANALYZER_NUMBER_OBJECT_CONVERSION = YES_AGGRESSIVE;
				CLANG_CXX_LANGUAGE_STANDARD = "gnu++20";
				CLANG_ENABLE_MODULES = YES;
				CLANG_ENABLE_OBJC_ARC = YES;
				CLANG_ENABLE_OBJC_WEAK = YES;
				CLANG_WARN_BLOCK_CAPTURE_AUTORELEASING = YES;
				CLANG_WARN_BOOL_CONVERSION = YES;
				CLANG_WARN_COMMA = YES;
				CLANG_WARN_CONSTANT_CONVERSION = YES;
				CLANG_WARN_DEPRECATED_OBJC_IMPLEMENTATIONS = YES;
				CLANG_WARN_DIRECT_OBJC_ISA_USAGE = YES_ERROR;
				CLANG_WARN_DOCUMENTATION_COMMENTS = YES;
				CLANG_WARN_EMPTY_BODY = YES;
				CLANG_WARN_ENUM_CONVERSION = YES;
				CLANG_WARN_INFINITE_RECURSION = YES;
				CLANG_WARN_INT_CONVERSION = YES;
				CLANG_WARN_NON_LITERAL_NULL_CONVERSION = YES;
				CLANG_WARN_OBJC_IMPLICIT_RETAIN_SELF = YES;
				CLANG_WARN_OBJC_LITERAL_CONVERSION = YES;
				CLANG_WARN_OBJC_ROOT_CLASS = YES_ERROR;
				CLANG_WARN_QUOTED_INCLUDE_IN_FRAMEWORK_HEADER = YES;
				CLANG_WARN_RANGE_LOOP_ANALYSIS = YES;
				CLANG_WARN_STRICT_PROTOTYPES = YES;
				CLANG_WARN_SUSPICIOUS_MOVE = YES;
				CLANG_WARN_UNGUARDED_AVAILABILITY = YES_AGGRESSIVE;
				CLANG_WARN_UNREACHABLE_CODE = YES;
				CLANG_WARN__DUPLICATE_METHOD_MATCH = YES;
				COPY_PHASE_STRIP = NO;
				DEBUG_INFORMATION_FORMAT = dwarf;
				ENABLE_STRICT_OBJC_MSGSEND = YES;
				ENABLE_TESTABILITY = YES;
				GCC_C_LANGUAGE_STANDARD = gnu11;
				GCC_DYNAMIC_NO_PIC = NO;
				GCC_NO_COMMON_BLOCKS = YES;
				GCC_OPTIMIZATION_LEVEL = 0;
				GCC_PREPROCESSOR_DEFINITIONS = (
					"DEBUG=1",
					"$(inherited)",
				);
				GCC_WARN_64_TO_32_BIT_CONVERSION = YES;
				GCC_WARN_ABOUT_RETURN_TYPE = YES_ERROR;
				GCC_WARN_UNDECLARED_SELECTOR = YES;
				GCC_WARN_UNINITIALIZED_AUTOS = YES_AGGRESSIVE;
				GCC_WARN_UNUSED_FUNCTION = YES;
				GCC_WARN_UNUSED_VARIABLE = YES;
				IPHONEOS_DEPLOYMENT_TARGET = 16.2;
				MTL_ENABLE_DEBUG_INFO = INCLUDE_SOURCE;
				MTL_FAST_MATH = YES;
				ONLY_ACTIVE_ARCH = YES;
				SDKROOT = iphoneos;
				SWIFT_ACTIVE_COMPILATION_CONDITIONS = DEBUG;
				SWIFT_OPTIMIZATION_LEVEL = "-Onone";
			};
			name = Debug;
		};
		8777076D29E2EE3D00A7CAA5 /* Release */ = {
			isa = XCBuildConfiguration;
			buildSettings = {
				ALWAYS_SEARCH_USER_PATHS = NO;
				CLANG_ANALYZER_NONNULL = YES;
				CLANG_ANALYZER_NUMBER_OBJECT_CONVERSION = YES_AGGRESSIVE;
				CLANG_CXX_LANGUAGE_STANDARD = "gnu++20";
				CLANG_ENABLE_MODULES = YES;
				CLANG_ENABLE_OBJC_ARC = YES;
				CLANG_ENABLE_OBJC_WEAK = YES;
				CLANG_WARN_BLOCK_CAPTURE_AUTORELEASING = YES;
				CLANG_WARN_BOOL_CONVERSION = YES;
				CLANG_WARN_COMMA = YES;
				CLANG_WARN_CONSTANT_CONVERSION = YES;
				CLANG_WARN_DEPRECATED_OBJC_IMPLEMENTATIONS = YES;
				CLANG_WARN_DIRECT_OBJC_ISA_USAGE = YES_ERROR;
				CLANG_WARN_DOCUMENTATION_COMMENTS = YES;
				CLANG_WARN_EMPTY_BODY = YES;
				CLANG_WARN_ENUM_CONVERSION = YES;
				CLANG_WARN_INFINITE_RECURSION = YES;
				CLANG_WARN_INT_CONVERSION = YES;
				CLANG_WARN_NON_LITERAL_NULL_CONVERSION = YES;
				CLANG_WARN_OBJC_IMPLICIT_RETAIN_SELF = YES;
				CLANG_WARN_OBJC_LITERAL_CONVERSION = YES;
				CLANG_WARN_OBJC_ROOT_CLASS = YES_ERROR;
				CLANG_WARN_QUOTED_INCLUDE_IN_FRAMEWORK_HEADER = YES;
				CLANG_WARN_RANGE_LOOP_ANALYSIS = YES;
				CLANG_WARN_STRICT_PROTOTYPES = YES;
				CLANG_WARN_SUSPICIOUS_MOVE = YES;
				CLANG_WARN_UNGUARDED_AVAILABILITY = YES_AGGRESSIVE;
				CLANG_WARN_UNREACHABLE_CODE = YES;
				CLANG_WARN__DUPLICATE_METHOD_MATCH = YES;
				COPY_PHASE_STRIP = NO;
				DEBUG_INFORMATION_FORMAT = "dwarf-with-dsym";
				ENABLE_NS_ASSERTIONS = NO;
				ENABLE_STRICT_OBJC_MSGSEND = YES;
				GCC_C_LANGUAGE_STANDARD = gnu11;
				GCC_NO_COMMON_BLOCKS = YES;
				GCC_WARN_64_TO_32_BIT_CONVERSION = YES;
				GCC_WARN_ABOUT_RETURN_TYPE = YES_ERROR;
				GCC_WARN_UNDECLARED_SELECTOR = YES;
				GCC_WARN_UNINITIALIZED_AUTOS = YES_AGGRESSIVE;
				GCC_WARN_UNUSED_FUNCTION = YES;
				GCC_WARN_UNUSED_VARIABLE = YES;
				IPHONEOS_DEPLOYMENT_TARGET = 16.2;
				MTL_ENABLE_DEBUG_INFO = NO;
				MTL_FAST_MATH = YES;
				SDKROOT = iphoneos;
				SWIFT_COMPILATION_MODE = wholemodule;
				SWIFT_OPTIMIZATION_LEVEL = "-O";
				VALIDATE_PRODUCT = YES;
			};
			name = Release;
		};
		8777076F29E2EE3D00A7CAA5 /* Debug */ = {
			isa = XCBuildConfiguration;
			baseConfigurationReference = D930EA4305C8C1BA46DCC5A5 /* Pods-TestXcodeCloud.debug.xcconfig */;
			buildSettings = {
				ASSETCATALOG_COMPILER_APPICON_NAME = AppIcon;
				ASSETCATALOG_COMPILER_GLOBAL_ACCENT_COLOR_NAME = AccentColor;
				CODE_SIGN_IDENTITY = "Apple Development";
				CODE_SIGN_STYLE = Automatic;
				CURRENT_PROJECT_VERSION = 1;
				DEVELOPMENT_ASSET_PATHS = "\"TestXcodeCloud/Preview Content\"";
				DEVELOPMENT_TEAM = 9L2638D72Y;
				ENABLE_PREVIEWS = YES;
				GENERATE_INFOPLIST_FILE = YES;
				INFOPLIST_KEY_UIApplicationSceneManifest_Generation = YES;
				INFOPLIST_KEY_UIApplicationSupportsIndirectInputEvents = YES;
				INFOPLIST_KEY_UILaunchScreen_Generation = YES;
				INFOPLIST_KEY_UISupportedInterfaceOrientations_iPad = "UIInterfaceOrientationPortrait UIInterfaceOrientationPortraitUpsideDown UIInterfaceOrientationLandscapeLeft UIInterfaceOrientationLandscapeRight";
				INFOPLIST_KEY_UISupportedInterfaceOrientations_iPhone = "UIInterfaceOrientationPortrait UIInterfaceOrientationLandscapeLeft UIInterfaceOrientationLandscapeRight";
				LD_RUNPATH_SEARCH_PATHS = (
					"$(inherited)",
					"@executable_path/Frameworks",
				);
				MARKETING_VERSION = 1.0;
				PRODUCT_BUNDLE_IDENTIFIER = com.customertimes.xcodecloudpresentation;
				PRODUCT_NAME = "Customertimes XCodeCloud 1";
				PROVISIONING_PROFILE_SPECIFIER = "";
				SUPPORTED_PLATFORMS = "iphoneos iphonesimulator";
				SUPPORTS_MACCATALYST = NO;
				SUPPORTS_MAC_DESIGNED_FOR_IPHONE_IPAD = NO;
				SWIFT_EMIT_LOC_STRINGS = YES;
				SWIFT_VERSION = 5.0;
				TARGETED_DEVICE_FAMILY = "1,2";
			};
			name = Debug;
		};
		8777077029E2EE3D00A7CAA5 /* Release */ = {
			isa = XCBuildConfiguration;
			baseConfigurationReference = 1A3AAEE8726EEF6FA0C743F5 /* Pods-TestXcodeCloud.release.xcconfig */;
			buildSettings = {
				ASSETCATALOG_COMPILER_APPICON_NAME = AppIcon;
				ASSETCATALOG_COMPILER_GLOBAL_ACCENT_COLOR_NAME = AccentColor;
				CODE_SIGN_IDENTITY = "Apple Development";
				CODE_SIGN_STYLE = Automatic;
				CURRENT_PROJECT_VERSION = 1;
				DEVELOPMENT_ASSET_PATHS = "\"TestXcodeCloud/Preview Content\"";
				DEVELOPMENT_TEAM = 9L2638D72Y;
				ENABLE_PREVIEWS = YES;
				GENERATE_INFOPLIST_FILE = YES;
				INFOPLIST_KEY_UIApplicationSceneManifest_Generation = YES;
				INFOPLIST_KEY_UIApplicationSupportsIndirectInputEvents = YES;
				INFOPLIST_KEY_UILaunchScreen_Generation = YES;
				INFOPLIST_KEY_UISupportedInterfaceOrientations_iPad = "UIInterfaceOrientationPortrait UIInterfaceOrientationPortraitUpsideDown UIInterfaceOrientationLandscapeLeft UIInterfaceOrientationLandscapeRight";
				INFOPLIST_KEY_UISupportedInterfaceOrientations_iPhone = "UIInterfaceOrientationPortrait UIInterfaceOrientationLandscapeLeft UIInterfaceOrientationLandscapeRight";
				LD_RUNPATH_SEARCH_PATHS = (
					"$(inherited)",
					"@executable_path/Frameworks",
				);
				MARKETING_VERSION = 1.0;
				PRODUCT_BUNDLE_IDENTIFIER = com.customertimes.xcodecloudpresentation;
				PRODUCT_NAME = "Customertimes XCodeCloud 1";
				PROVISIONING_PROFILE_SPECIFIER = "";
				SUPPORTED_PLATFORMS = "iphoneos iphonesimulator";
				SUPPORTS_MACCATALYST = NO;
				SUPPORTS_MAC_DESIGNED_FOR_IPHONE_IPAD = NO;
				SWIFT_EMIT_LOC_STRINGS = YES;
				SWIFT_VERSION = 5.0;
				TARGETED_DEVICE_FAMILY = "1,2";
			};
			name = Release;
		};
		8777077229E2EE3D00A7CAA5 /* Debug */ = {
			isa = XCBuildConfiguration;
			baseConfigurationReference = 440FB5105B75C855ACD00E0A /* Pods-TestXcodeCloudTests.debug.xcconfig */;
			buildSettings = {
				ALWAYS_EMBED_SWIFT_STANDARD_LIBRARIES = YES;
				BUNDLE_LOADER = "$(TEST_HOST)";
				CODE_SIGN_STYLE = Automatic;
				CURRENT_PROJECT_VERSION = 1;
				DEVELOPMENT_TEAM = 9L2638D72Y;
				GENERATE_INFOPLIST_FILE = YES;
				IPHONEOS_DEPLOYMENT_TARGET = 16.2;
				MARKETING_VERSION = 1.0;
				PRODUCT_BUNDLE_IDENTIFIER = com.customertimes.xcodecloudpresentationTests;
				PRODUCT_NAME = "$(TARGET_NAME)";
				SWIFT_EMIT_LOC_STRINGS = NO;
				SWIFT_VERSION = 5.0;
				TARGETED_DEVICE_FAMILY = "1,2";
				TEST_HOST = "$(BUILT_PRODUCTS_DIR)/TestXcodeCloud.app/$(BUNDLE_EXECUTABLE_FOLDER_PATH)/Customertimes_XCodeCloud_1";
			};
			name = Debug;
		};
		8777077329E2EE3D00A7CAA5 /* Release */ = {
			isa = XCBuildConfiguration;
			baseConfigurationReference = D8405BD4BE9052A57FB2E7B3 /* Pods-TestXcodeCloudTests.release.xcconfig */;
			buildSettings = {
				ALWAYS_EMBED_SWIFT_STANDARD_LIBRARIES = YES;
				BUNDLE_LOADER = "$(TEST_HOST)";
				CODE_SIGN_STYLE = Automatic;
				CURRENT_PROJECT_VERSION = 1;
				DEVELOPMENT_TEAM = 9L2638D72Y;
				GENERATE_INFOPLIST_FILE = YES;
				IPHONEOS_DEPLOYMENT_TARGET = 16.2;
				MARKETING_VERSION = 1.0;
				PRODUCT_BUNDLE_IDENTIFIER = com.customertimes.xcodecloudpresentationTests;
				PRODUCT_NAME = "$(TARGET_NAME)";
				SWIFT_EMIT_LOC_STRINGS = NO;
				SWIFT_VERSION = 5.0;
				TARGETED_DEVICE_FAMILY = "1,2";
				TEST_HOST = "$(BUILT_PRODUCTS_DIR)/TestXcodeCloud.app/$(BUNDLE_EXECUTABLE_FOLDER_PATH)/Customertimes_XCodeCloud_1";
			};
			name = Release;
		};
		8777077529E2EE3D00A7CAA5 /* Debug */ = {
			isa = XCBuildConfiguration;
			baseConfigurationReference = F2D0FF528FD929071DE83F76 /* Pods-TestXcodeCloud-TestXcodeCloudUITests.debug.xcconfig */;
			buildSettings = {
				ALWAYS_EMBED_SWIFT_STANDARD_LIBRARIES = YES;
				CODE_SIGN_STYLE = Automatic;
				CURRENT_PROJECT_VERSION = 1;
				DEVELOPMENT_TEAM = 9L2638D72Y;
				GENERATE_INFOPLIST_FILE = YES;
				MARKETING_VERSION = 1.0;
				PRODUCT_BUNDLE_IDENTIFIER = com.customertimes.xcodecloudpresentationUITests;
				PRODUCT_NAME = "$(TARGET_NAME)";
				SWIFT_EMIT_LOC_STRINGS = NO;
				SWIFT_VERSION = 5.0;
				TARGETED_DEVICE_FAMILY = "1,2";
				TEST_TARGET_NAME = TestXcodeCloud;
			};
			name = Debug;
		};
		8777077629E2EE3D00A7CAA5 /* Release */ = {
			isa = XCBuildConfiguration;
			baseConfigurationReference = 3048D65776A6F1951EB287E9 /* Pods-TestXcodeCloud-TestXcodeCloudUITests.release.xcconfig */;
			buildSettings = {
				ALWAYS_EMBED_SWIFT_STANDARD_LIBRARIES = YES;
				CODE_SIGN_STYLE = Automatic;
				CURRENT_PROJECT_VERSION = 1;
				DEVELOPMENT_TEAM = 9L2638D72Y;
				GENERATE_INFOPLIST_FILE = YES;
				MARKETING_VERSION = 1.0;
				PRODUCT_BUNDLE_IDENTIFIER = com.customertimes.xcodecloudpresentationUITests;
				PRODUCT_NAME = "$(TARGET_NAME)";
				SWIFT_EMIT_LOC_STRINGS = NO;
				SWIFT_VERSION = 5.0;
				TARGETED_DEVICE_FAMILY = "1,2";
				TEST_TARGET_NAME = TestXcodeCloud;
			};
			name = Release;
		};
/* End XCBuildConfiguration section */

/* Begin XCConfigurationList section */
		8777074529E2EE3A00A7CAA5 /* Build configuration list for PBXProject "TestXcodeCloud" */ = {
			isa = XCConfigurationList;
			buildConfigurations = (
				8777076C29E2EE3D00A7CAA5 /* Debug */,
				8777076D29E2EE3D00A7CAA5 /* Release */,
			);
			defaultConfigurationIsVisible = 0;
			defaultConfigurationName = Release;
		};
		8777076E29E2EE3D00A7CAA5 /* Build configuration list for PBXNativeTarget "TestXcodeCloud" */ = {
			isa = XCConfigurationList;
			buildConfigurations = (
				8777076F29E2EE3D00A7CAA5 /* Debug */,
				8777077029E2EE3D00A7CAA5 /* Release */,
			);
			defaultConfigurationIsVisible = 0;
			defaultConfigurationName = Release;
		};
		8777077129E2EE3D00A7CAA5 /* Build configuration list for PBXNativeTarget "TestXcodeCloudTests" */ = {
			isa = XCConfigurationList;
			buildConfigurations = (
				8777077229E2EE3D00A7CAA5 /* Debug */,
				8777077329E2EE3D00A7CAA5 /* Release */,
			);
			defaultConfigurationIsVisible = 0;
			defaultConfigurationName = Release;
		};
		8777077429E2EE3D00A7CAA5 /* Build configuration list for PBXNativeTarget "TestXcodeCloudUITests" */ = {
			isa = XCConfigurationList;
			buildConfigurations = (
				8777077529E2EE3D00A7CAA5 /* Debug */,
				8777077629E2EE3D00A7CAA5 /* Release */,
			);
			defaultConfigurationIsVisible = 0;
			defaultConfigurationName = Release;
		};
/* End XCConfigurationList section */
	};
	rootObject = 8777074229E2EE3A00A7CAA5 /* Project object */;
}
